
Microsoft Visual Studio Solution File, Format Version 12.00
# Visual Studio Version 16
VisualStudioVersion = 16.0.29806.167
MinimumVisualStudioVersion = 10.0.40219.1
Project("{9A19103F-16F7-4668-BE54-9A1E7A4F7556}") = "BlazorDemo", "BlazorDemo\BlazorDemo.csproj", "{40CDAEC5-4976-439C-8DD6-5E45E7148493}"
EndProject
Project("{9A19103F-16F7-4668-BE54-9A1E7A4F7556}") = "BlazorDemo.Models", "BlazorDemo.Models\BlazorDemo.Models.csproj", "{1F2B3ADF-E7FC-4FA9-B8E2-12B13B5BC437}"
EndProject
Project("{9A19103F-16F7-4668-BE54-9A1E7A4F7556}") = "BlazorDemo.Api", "BlazorDemo.Api\BlazorDemo.Api.csproj", "{33D4DDE0-9DE9-407A-8CF7-9E4181304EB0}"
EndProject
Project("{9A19103F-16F7-4668-BE54-9A1E7A4F7556}") = "CommonLibrary", "Common.Components\CommonLibrary.csproj", "{ABB3FA9E-0425-445B-80F7-FB8E2E4FF0F7}"
EndProject
Global
	GlobalSection(SolutionConfigurationPlatforms) = preSolution
		Debug|Any CPU = Debug|Any CPU
		Release|Any CPU = Release|Any CPU
	EndGlobalSection
	GlobalSection(ProjectConfigurationPlatforms) = postSolution
		{40CDAEC5-4976-439C-8DD6-5E45E7148493}.Debug|Any CPU.ActiveCfg = Debug|Any CPU
		{40CDAEC5-4976-439C-8DD6-5E45E7148493}.Debug|Any CPU.Build.0 = Debug|Any CPU
		{40CDAEC5-4976-439C-8DD6-5E45E7148493}.Release|Any CPU.ActiveCfg = Release|Any CPU
		{40CDAEC5-4976-439C-8DD6-5E45E7148493}.Release|Any CPU.Build.0 = Release|Any CPU
		{1F2B3ADF-E7FC-4FA9-B8E2-12B13B5BC437}.Debug|Any CPU.ActiveCfg = Debug|Any CPU
		{1F2B3ADF-E7FC-4FA9-B8E2-12B13B5BC437}.Debug|Any CPU.Build.0 = Debug|Any CPU
		{1F2B3ADF-E7FC-4FA9-B8E2-12B13B5BC437}.Release|Any CPU.ActiveCfg = Release|Any CPU
		{1F2B3ADF-E7FC-4FA9-B8E2-12B13B5BC437}.Release|Any CPU.Build.0 = Release|Any CPU
		{33D4DDE0-9DE9-407A-8CF7-9E4181304EB0}.Debug|Any CPU.ActiveCfg = Debug|Any CPU
		{33D4DDE0-9DE9-407A-8CF7-9E4181304EB0}.Debug|Any CPU.Build.0 = Debug|Any CPU
		{33D4DDE0-9DE9-407A-8CF7-9E4181304EB0}.Release|Any CPU.ActiveCfg = Release|Any CPU
		{33D4DDE0-9DE9-407A-8CF7-9E4181304EB0}.Release|Any CPU.Build.0 = Release|Any CPU
		{ABB3FA9E-0425-445B-80F7-FB8E2E4FF0F7}.Debug|Any CPU.ActiveCfg = Debug|Any CPU
		{ABB3FA9E-0425-445B-80F7-FB8E2E4FF0F7}.Debug|Any CPU.Build.0 = Debug|Any CPU
		{ABB3FA9E-0425-445B-80F7-FB8E2E4FF0F7}.Release|Any CPU.ActiveCfg = Release|Any CPU
		{ABB3FA9E-0425-445B-80F7-FB8E2E4FF0F7}.Release|Any CPU.Build.0 = Release|Any CPU
	EndGlobalSection
	GlobalSection(SolutionProperties) = preSolution
		HideSolutionNode = FALSE
	EndGlobalSection
	GlobalSection(ExtensibilityGlobals) = postSolution
		SolutionGuid = {A6CED0AC-81D7-49AF-A727-6CEF2894E27E}
	EndGlobalSection
EndGlobal
